// !$*UTF8*$!
{
	archiveVersion = 1;
	classes = {
	};
	objectVersion = 56;
	objects = {

/* Begin PBXBuildFile section */
		C574CF502ABB688B00720A34 /* AppDelegate.swift in Sources */ = {isa = PBXBuildFile; fileRef = C574CF4F2ABB688B00720A34 /* AppDelegate.swift */; };
		C574CF522ABB688B00720A34 /* SceneDelegate.swift in Sources */ = {isa = PBXBuildFile; fileRef = C574CF512ABB688B00720A34 /* SceneDelegate.swift */; };
		C574CF542ABB688B00720A34 /* ViewController.swift in Sources */ = {isa = PBXBuildFile; fileRef = C574CF532ABB688B00720A34 /* ViewController.swift */; };
		C574CF572ABB688B00720A34 /* Main.storyboard in Resources */ = {isa = PBXBuildFile; fileRef = C574CF552ABB688B00720A34 /* Main.storyboard */; };
		C574CF592ABB688D00720A34 /* Assets.xcassets in Resources */ = {isa = PBXBuildFile; fileRef = C574CF582ABB688D00720A34 /* Assets.xcassets */; };
		C574CF5C2ABB688D00720A34 /* LaunchScreen.storyboard in Resources */ = {isa = PBXBuildFile; fileRef = C574CF5A2ABB688D00720A34 /* LaunchScreen.storyboard */; };
		C5C4C83D2AC5E7C300142E48 /* NowVC.swift in Sources */ = {isa = PBXBuildFile; fileRef = C5C4C83C2AC5E7C300142E48 /* NowVC.swift */; };
		C5C4C8BF2ACA054E00142E48 /* CalendarVC.swift in Sources */ = {isa = PBXBuildFile; fileRef = C5C4C8BE2ACA054E00142E48 /* CalendarVC.swift */; };
/* End PBXBuildFile section */

/* Begin PBXFileReference section */
		C574CF4C2ABB688B00720A34 /* Metro - Check Your Time.app */ = {isa = PBXFileReference; explicitFileType = wrapper.application; includeInIndex = 0; path = "Metro - Check Your Time.app"; sourceTree = BUILT_PRODUCTS_DIR; };
		C574CF4F2ABB688B00720A34 /* AppDelegate.swift */ = {isa = PBXFileReference; lastKnownFileType = sourcecode.swift; path = AppDelegate.swift; sourceTree = "<group>"; };
		C574CF512ABB688B00720A34 /* SceneDelegate.swift */ = {isa = PBXFileReference; lastKnownFileType = sourcecode.swift; path = SceneDelegate.swift; sourceTree = "<group>"; };
		C574CF532ABB688B00720A34 /* ViewController.swift */ = {isa = PBXFileReference; lastKnownFileType = sourcecode.swift; path = ViewController.swift; sourceTree = "<group>"; };
		C574CF562ABB688B00720A34 /* Base */ = {isa = PBXFileReference; lastKnownFileType = file.storyboard; name = Base; path = Base.lproj/Main.storyboard; sourceTree = "<group>"; };
		C574CF582ABB688D00720A34 /* Assets.xcassets */ = {isa = PBXFileReference; lastKnownFileType = folder.assetcatalog; path = Assets.xcassets; sourceTree = "<group>"; };
		C574CF5B2ABB688D00720A34 /* Base */ = {isa = PBXFileReference; lastKnownFileType = file.storyboard; name = Base; path = Base.lproj/LaunchScreen.storyboard; sourceTree = "<group>"; };
		C574CF5D2ABB688D00720A34 /* Info.plist */ = {isa = PBXFileReference; lastKnownFileType = text.plist.xml; path = Info.plist; sourceTree = "<group>"; };
		C5C4C83C2AC5E7C300142E48 /* NowVC.swift */ = {isa = PBXFileReference; lastKnownFileType = sourcecode.swift; path = NowVC.swift; sourceTree = "<group>"; };
		C5C4C8BE2ACA054E00142E48 /* CalendarVC.swift */ = {isa = PBXFileReference; lastKnownFileType = sourcecode.swift; path = CalendarVC.swift; sourceTree = "<group>"; };
/* End PBXFileReference section */

/* Begin PBXFrameworksBuildPhase section */
		C574CF492ABB688B00720A34 /* Frameworks */ = {
			isa = PBXFrameworksBuildPhase;
			buildActionMask = 2147483647;
			files = (
			);
			runOnlyForDeploymentPostprocessing = 0;
		};
/* End PBXFrameworksBuildPhase section */

/* Begin PBXGroup section */
		C574CF432ABB688B00720A34 = {
			isa = PBXGroup;
			children = (
				C574CF4E2ABB688B00720A34 /* Metro - Check Your Time */,
				C574CF4D2ABB688B00720A34 /* Products */,
			);
			sourceTree = "<group>";
		};
		C574CF4D2ABB688B00720A34 /* Products */ = {
			isa = PBXGroup;
			children = (
				C574CF4C2ABB688B00720A34 /* Metro - Check Your Time.app */,
			);
			name = Products;
			sourceTree = "<group>";
		};
		C574CF4E2ABB688B00720A34 /* Metro - Check Your Time */ = {
			isa = PBXGroup;
			children = (
				C5C4C83C2AC5E7C300142E48 /* NowVC.swift */,
				C574CF4F2ABB688B00720A34 /* AppDelegate.swift */,
				C574CF512ABB688B00720A34 /* SceneDelegate.swift */,
				C574CF532ABB688B00720A34 /* ViewController.swift */,
				C574CF552ABB688B00720A34 /* Main.storyboard */,
				C5C4C8BE2ACA054E00142E48 /* CalendarVC.swift */,
				C574CF582ABB688D00720A34 /* Assets.xcassets */,
				C574CF5A2ABB688D00720A34 /* LaunchScreen.storyboard */,
				C574CF5D2ABB688D00720A34 /* Info.plist */,
			);
			path = "Metro - Check Your Time";
			sourceTree = "<group>";
		};
/* End PBXGroup section */

/* Begin PBXNativeTarget section */
		C574CF4B2ABB688B00720A34 /* Metro - Check Your Time */ = {
			isa = PBXNativeTarget;
			buildConfigurationList = C574CF602ABB688D00720A34 /* Build configuration list for PBXNativeTarget "Metro - Check Your Time" */;
			buildPhases = (
				C574CF482ABB688B00720A34 /* Sources */,
				C574CF492ABB688B00720A34 /* Frameworks */,
				C574CF4A2ABB688B00720A34 /* Resources */,
			);
			buildRules = (
			);
			dependencies = (
			);
			name = "Metro - Check Your Time";
			productName = "Metro - Check Your Time";
			productReference = C574CF4C2ABB688B00720A34 /* Metro - Check Your Time.app */;
			productType = "com.apple.product-type.application";
		};
/* End PBXNativeTarget section */

/* Begin PBXProject section */
		C574CF442ABB688B00720A34 /* Project object */ = {
			isa = PBXProject;
			attributes = {
				BuildIndependentTargetsInParallel = 1;
				LastSwiftUpdateCheck = 1430;
				LastUpgradeCheck = 1430;
				TargetAttributes = {
					C574CF4B2ABB688B00720A34 = {
						CreatedOnToolsVersion = 14.3.1;
					};
				};
			};
			buildConfigurationList = C574CF472ABB688B00720A34 /* Build configuration list for PBXProject "Metro - Check Your Time" */;
			compatibilityVersion = "Xcode 14.0";
			developmentRegion = en;
			hasScannedForEncodings = 0;
			knownRegions = (
				en,
				Base,
			);
			mainGroup = C574CF432ABB688B00720A34;
			productRefGroup = C574CF4D2ABB688B00720A34 /* Products */;
			projectDirPath = "";
			projectRoot = "";
			targets = (
				C574CF4B2ABB688B00720A34 /* Metro - Check Your Time */,
			);
		};
/* End PBXProject section */

/* Begin PBXResourcesBuildPhase section */
		C574CF4A2ABB688B00720A34 /* Resources */ = {
			isa = PBXResourcesBuildPhase;
			buildActionMask = 2147483647;
			files = (
				C574CF5C2ABB688D00720A34 /* LaunchScreen.storyboard in Resources */,
				C574CF592ABB688D00720A34 /* Assets.xcassets in Resources */,
				C574CF572ABB688B00720A34 /* Main.storyboard in Resources */,
			);
			runOnlyForDeploymentPostprocessing = 0;
		};
/* End PBXResourcesBuildPhase section */

/* Begin PBXSourcesBuildPhase section */
		C574CF482ABB688B00720A34 /* Sources */ = {
			isa = PBXSourcesBuildPhase;
			buildActionMask = 2147483647;
			files = (
				C5C4C8BF2ACA054E00142E48 /* CalendarVC.swift in Sources */,
				C5C4C83D2AC5E7C300142E48 /* NowVC.swift in Sources */,
				C574CF542ABB688B00720A34 /* ViewController.swift in Sources */,
				C574CF502ABB688B00720A34 /* AppDelegate.swift in Sources */,
				C574CF522ABB688B00720A34 /* SceneDelegate.swift in Sources */,
			);
			runOnlyForDeploymentPostprocessing = 0;
		};
/* End PBXSourcesBuildPhase section */

/* Begin PBXVariantGroup section */
		C574CF552ABB688B00720A34 /* Main.storyboard */ = {
			isa = PBXVariantGroup;
			children = (
				C574CF562ABB688B00720A34 /* Base */,
			);
			name = Main.storyboard;
			sourceTree = "<group>";
		};
		C574CF5A2ABB688D00720A34 /* LaunchScreen.storyboard */ = {
			isa = PBXVariantGroup;
			children = (
				C574CF5B2ABB688D00720A34 /* Base */,
			);
			name = LaunchScreen.storyboard;
			sourceTree = "<group>";
		};
/* End PBXVariantGroup section */

/* Begin XCBuildConfiguration section */
		C574CF5E2ABB688D00720A34 /* Debug */ = {
			isa = XCBuildConfiguration;
			buildSettings = {
				ALWAYS_SEARCH_USER_PATHS = NO;
				CLANG_ANALYZER_NONNULL = YES;
				CLANG_ANALYZER_NUMBER_OBJECT_CONVERSION = YES_AGGRESSIVE;
				CLANG_CXX_LANGUAGE_STANDARD = "gnu++20";
				CLANG_ENABLE_MODULES = YES;
				CLANG_ENABLE_OBJC_ARC = YES;
				CLANG_ENABLE_OBJC_WEAK = YES;
				CLANG_WARN_BLOCK_CAPTURE_AUTORELEASING = YES;
				CLANG_WARN_BOOL_CONVERSION = YES;
				CLANG_WARN_COMMA = YES;
				CLANG_WARN_CONSTANT_CONVERSION = YES;
				CLANG_WARN_DEPRECATED_OBJC_IMPLEMENTATIONS = YES;
				CLANG_WARN_DIRECT_OBJC_ISA_USAGE = YES_ERROR;
				CLANG_WARN_DOCUMENTATION_COMMENTS = YES;
				CLANG_WARN_EMPTY_BODY = YES;
				CLANG_WARN_ENUM_CONVERSION = YES;
				CLANG_WARN_INFINITE_RECURSION = YES;
				CLANG_WARN_INT_CONVERSION = YES;
				CLANG_WARN_NON_LITERAL_NULL_CONVERSION = YES;
				CLANG_WARN_OBJC_IMPLICIT_RETAIN_SELF = YES;
				CLANG_WARN_OBJC_LITERAL_CONVERSION = YES;
				CLANG_WARN_OBJC_ROOT_CLASS = YES_ERROR;
				CLANG_WARN_QUOTED_INCLUDE_IN_FRAMEWORK_HEADER = YES;
				CLANG_WARN_RANGE_LOOP_ANALYSIS = YES;
				CLANG_WARN_STRICT_PROTOTYPES = YES;
				CLANG_WARN_SUSPICIOUS_MOVE = YES;
				CLANG_WARN_UNGUARDED_AVAILABILITY = YES_AGGRESSIVE;
				CLANG_WARN_UNREACHABLE_CODE = YES;
				CLANG_WARN__DUPLICATE_METHOD_MATCH = YES;
				COPY_PHASE_STRIP = NO;
				DEBUG_INFORMATION_FORMAT = dwarf;
				ENABLE_STRICT_OBJC_MSGSEND = YES;
				ENABLE_TESTABILITY = YES;
				GCC_C_LANGUAGE_STANDARD = gnu11;
				GCC_DYNAMIC_NO_PIC = NO;
				GCC_NO_COMMON_BLOCKS = YES;
				GCC_OPTIMIZATION_LEVEL = 0;
				GCC_PREPROCESSOR_DEFINITIONS = (
					"DEBUG=1",
					"$(inherited)",
				);
				GCC_WARN_64_TO_32_BIT_CONVERSION = YES;
				GCC_WARN_ABOUT_RETURN_TYPE = YES_ERROR;
				GCC_WARN_UNDECLARED_SELECTOR = YES;
				GCC_WARN_UNINITIALIZED_AUTOS = YES_AGGRESSIVE;
				GCC_WARN_UNUSED_FUNCTION = YES;
				GCC_WARN_UNUSED_VARIABLE = YES;
				IPHONEOS_DEPLOYMENT_TARGET = 16.4;
				MTL_ENABLE_DEBUG_INFO = INCLUDE_SOURCE;
				MTL_FAST_MATH = YES;
				ONLY_ACTIVE_ARCH = YES;
				SDKROOT = iphoneos;
				SWIFT_ACTIVE_COMPILATION_CONDITIONS = DEBUG;
				SWIFT_OPTIMIZATION_LEVEL = "-Onone";
			};
			name = Debug;
		};
		C574CF5F2ABB688D00720A34 /* Release */ = {
			isa = XCBuildConfiguration;
			buildSettings = {
				ALWAYS_SEARCH_USER_PATHS = NO;
				CLANG_ANALYZER_NONNULL = YES;
				CLANG_ANALYZER_NUMBER_OBJECT_CONVERSION = YES_AGGRESSIVE;
				CLANG_CXX_LANGUAGE_STANDARD = "gnu++20";
				CLANG_ENABLE_MODULES = YES;
				CLANG_ENABLE_OBJC_ARC = YES;
				CLANG_ENABLE_OBJC_WEAK = YES;
				CLANG_WARN_BLOCK_CAPTURE_AUTORELEASING = YES;
				CLANG_WARN_BOOL_CONVERSION = YES;
				CLANG_WARN_COMMA = YES;
				CLANG_WARN_CONSTANT_CONVERSION = YES;
				CLANG_WARN_DEPRECATED_OBJC_IMPLEMENTATIONS = YES;
				CLANG_WARN_DIRECT_OBJC_ISA_USAGE = YES_ERROR;
				CLANG_WARN_DOCUMENTATION_COMMENTS = YES;
				CLANG_WARN_EMPTY_BODY = YES;
				CLANG_WARN_ENUM_CONVERSION = YES;
				CLANG_WARN_INFINITE_RECURSION = YES;
				CLANG_WARN_INT_CONVERSION = YES;
				CLANG_WARN_NON_LITERAL_NULL_CONVERSION = YES;
				CLANG_WARN_OBJC_IMPLICIT_RETAIN_SELF = YES;
				CLANG_WARN_OBJC_LITERAL_CONVERSION = YES;
				CLANG_WARN_OBJC_ROOT_CLASS = YES_ERROR;
				CLANG_WARN_QUOTED_INCLUDE_IN_FRAMEWORK_HEADER = YES;
				CLANG_WARN_RANGE_LOOP_ANALYSIS = YES;
				CLANG_WARN_STRICT_PROTOTYPES = YES;
				CLANG_WARN_SUSPICIOUS_MOVE = YES;
				CLANG_WARN_UNGUARDED_AVAILABILITY = YES_AGGRESSIVE;
				CLANG_WARN_UNREACHABLE_CODE = YES;
				CLANG_WARN__DUPLICATE_METHOD_MATCH = YES;
				COPY_PHASE_STRIP = NO;
				DEBUG_INFORMATION_FORMAT = "dwarf-with-dsym";
				ENABLE_NS_ASSERTIONS = NO;
				ENABLE_STRICT_OBJC_MSGSEND = YES;
				GCC_C_LANGUAGE_STANDARD = gnu11;
				GCC_NO_COMMON_BLOCKS = YES;
				GCC_WARN_64_TO_32_BIT_CONVERSION = YES;
				GCC_WARN_ABOUT_RETURN_TYPE = YES_ERROR;
				GCC_WARN_UNDECLARED_SELECTOR = YES;
				GCC_WARN_UNINITIALIZED_AUTOS = YES_AGGRESSIVE;
				GCC_WARN_UNUSED_FUNCTION = YES;
				GCC_WARN_UNUSED_VARIABLE = YES;
				IPHONEOS_DEPLOYMENT_TARGET = 16.4;
				MTL_ENABLE_DEBUG_INFO = NO;
				MTL_FAST_MATH = YES;
				SDKROOT = iphoneos;
				SWIFT_COMPILATION_MODE = wholemodule;
				SWIFT_OPTIMIZATION_LEVEL = "-O";
				VALIDATE_PRODUCT = YES;
			};
			name = Release;
		};
		C574CF612ABB688D00720A34 /* Debug */ = {
			isa = XCBuildConfiguration;
			buildSettings = {
				ASSETCATALOG_COMPILER_APPICON_NAME = AppIcon;
				ASSETCATALOG_COMPILER_GLOBAL_ACCENT_COLOR_NAME = AccentColor;
				CODE_SIGN_STYLE = Automatic;
				CURRENT_PROJECT_VERSION = 1;
				DEVELOPMENT_TEAM = 88PMY4A464;
				GENERATE_INFOPLIST_FILE = YES;
				INFOPLIST_FILE = "Metro - Check Your Time/Info.plist";
				INFOPLIST_KEY_CFBundleDisplayName = "Metro - check your time";
				INFOPLIST_KEY_LSApplicationCategoryType = "public.app-category.finance";
				INFOPLIST_KEY_UIApplicationSupportsIndirectInputEvents = YES;
				INFOPLIST_KEY_UILaunchStoryboardName = LaunchScreen;
				INFOPLIST_KEY_UIMainStoryboardFile = Main;
				INFOPLIST_KEY_UISupportedInterfaceOrientations = UIInterfaceOrientationPortrait;
				INFOPLIST_KEY_UISupportedInterfaceOrientations_iPad = "UIInterfaceOrientationLandscapeLeft UIInterfaceOrientationLandscapeRight UIInterfaceOrientationPortrait UIInterfaceOrientationPortraitUpsideDown";
				IPHONEOS_DEPLOYMENT_TARGET = 15.5;
				LD_RUNPATH_SEARCH_PATHS = (
					"$(inherited)",
					"@executable_path/Frameworks",
				);
				MARKETING_VERSION = 1.0;
				PRODUCT_BUNDLE_IDENTIFIER = "counter.dstashkov.Metro---Check-Your-Time";
				PRODUCT_NAME = "$(TARGET_NAME)";
				SUPPORTED_PLATFORMS = "iphoneos iphonesimulator";
				SUPPORTS_MACCATALYST = NO;
				SUPPORTS_MAC_DESIGNED_FOR_IPHONE_IPAD = NO;
				SWIFT_EMIT_LOC_STRINGS = YES;
				SWIFT_VERSION = 5.0;
				TARGETED_DEVICE_FAMILY = 1;
			};
			name = Debug;
		};
		C574CF622ABB688D00720A34 /* Release */ = {
			isa = XCBuildConfiguration;
			buildSettings = {
				ASSETCATALOG_COMPILER_APPICON_NAME = AppIcon;
				ASSETCATALOG_COMPILER_GLOBAL_ACCENT_COLOR_NAME = AccentColor;
				CODE_SIGN_STYLE = Automatic;
				CURRENT_PROJECT_VERSION = 1;
				DEVELOPMENT_TEAM = 88PMY4A464;
				GENERATE_INFOPLIST_FILE = YES;
				INFOPLIST_FILE = "Metro - Check Your Time/Info.plist";
				INFOPLIST_KEY_CFBundleDisplayName = "Metro - check your time";
				INFOPLIST_KEY_LSApplicationCategoryType = "public.app-category.finance";
				INFOPLIST_KEY_UIApplicationSupportsIndirectInputEvents = YES;
				INFOPLIST_KEY_UILaunchStoryboardName = LaunchScreen;
				INFOPLIST_KEY_UIMainStoryboardFile = Main;
				INFOPLIST_KEY_UISupportedInterfaceOrientations = UIInterfaceOrientationPortrait;
				INFOPLIST_KEY_UISupportedInterfaceOrientations_iPad = "UIInterfaceOrientationLandscapeLeft UIInterfaceOrientationLandscapeRight UIInterfaceOrientationPortrait UIInterfaceOrientationPortraitUpsideDown";
				IPHONEOS_DEPLOYMENT_TARGET = 15.5;
				LD_RUNPATH_SEARCH_PATHS = (
					"$(inherited)",
					"@executable_path/Frameworks",
				);
				MARKETING_VERSION = 1.0;
				PRODUCT_BUNDLE_IDENTIFIER = "counter.dstashkov.Metro---Check-Your-Time";
				PRODUCT_NAME = "$(TARGET_NAME)";
				SUPPORTED_PLATFORMS = "iphoneos iphonesimulator";
				SUPPORTS_MACCATALYST = NO;
				SUPPORTS_MAC_DESIGNED_FOR_IPHONE_IPAD = NO;
				SWIFT_EMIT_LOC_STRINGS = YES;
				SWIFT_VERSION = 5.0;
				TARGETED_DEVICE_FAMILY = 1;
			};
			name = Release;
		};
/* End XCBuildConfiguration section */

/* Begin XCConfigurationList section */
		C574CF472ABB688B00720A34 /* Build configuration list for PBXProject "Metro - Check Your Time" */ = {
			isa = XCConfigurationList;
			buildConfigurations = (
				C574CF5E2ABB688D00720A34 /* Debug */,
				C574CF5F2ABB688D00720A34 /* Release */,
			);
			defaultConfigurationIsVisible = 0;
			defaultConfigurationName = Release;
		};
		C574CF602ABB688D00720A34 /* Build configuration list for PBXNativeTarget "Metro - Check Your Time" */ = {
			isa = XCConfigurationList;
			buildConfigurations = (
				C574CF612ABB688D00720A34 /* Debug */,
				C574CF622ABB688D00720A34 /* Release */,
			);
			defaultConfigurationIsVisible = 0;
			defaultConfigurationName = Release;
		};
/* End XCConfigurationList section */
	};
	rootObject = C574CF442ABB688B00720A34 /* Project object */;
}
